// !$*UTF8*$!
{
	archiveVersion = 1;
	classes = {
	};
	objectVersion = 56;
	objects = {

/* Begin PBXBuildFile section */
		C14DD0A929F92DD30044BD66 /* HoopscoreApp.swift in Sources */ = {isa = PBXBuildFile; fileRef = C14DD0A829F92DD30044BD66 /* HoopscoreApp.swift */; };
		C14DD0AB29F92DD30044BD66 /* ContentView.swift in Sources */ = {isa = PBXBuildFile; fileRef = C14DD0AA29F92DD30044BD66 /* ContentView.swift */; };
		C14DD0AD29F92DD40044BD66 /* Assets.xcassets in Resources */ = {isa = PBXBuildFile; fileRef = C14DD0AC29F92DD40044BD66 /* Assets.xcassets */; };
		C14DD0B029F92DD40044BD66 /* Preview Assets.xcassets in Resources */ = {isa = PBXBuildFile; fileRef = C14DD0AF29F92DD40044BD66 /* Preview Assets.xcassets */; };
		C14DD0CA29F92F8D0044BD66 /* HPData.swift in Sources */ = {isa = PBXBuildFile; fileRef = C14DD0C929F92F8D0044BD66 /* HPData.swift */; };
		C14DD0CE29F935670044BD66 /* Disk in Frameworks */ = {isa = PBXBuildFile; productRef = C14DD0CD29F935670044BD66 /* Disk */; };
		C14DD0D029F9357F0044BD66 /* ProjectManager.swift in Sources */ = {isa = PBXBuildFile; fileRef = C14DD0CF29F9357F0044BD66 /* ProjectManager.swift */; };
		C14DD0D229F936CA0044BD66 /* ProjectsView.swift in Sources */ = {isa = PBXBuildFile; fileRef = C14DD0D129F936CA0044BD66 /* ProjectsView.swift */; };
		C14DD0D429F937960044BD66 /* SessionView.swift in Sources */ = {isa = PBXBuildFile; fileRef = C14DD0D329F937960044BD66 /* SessionView.swift */; };
		C14DD0D629F939CB0044BD66 /* WatchSessionManager.swift in Sources */ = {isa = PBXBuildFile; fileRef = C14DD0D529F939CB0044BD66 /* WatchSessionManager.swift */; };
		C14DD0D829F93A540044BD66 /* WatchMessage.swift in Sources */ = {isa = PBXBuildFile; fileRef = C14DD0D729F93A540044BD66 /* WatchMessage.swift */; };
		C1755B9729FA9C0300893557 /* HoopscoreApp.swift in Sources */ = {isa = PBXBuildFile; fileRef = C1755B9629FA9C0300893557 /* HoopscoreApp.swift */; };
		C1755B9929FA9C0300893557 /* ContentView.swift in Sources */ = {isa = PBXBuildFile; fileRef = C1755B9829FA9C0300893557 /* ContentView.swift */; };
		C1755B9B29FA9C0300893557 /* Assets.xcassets in Resources */ = {isa = PBXBuildFile; fileRef = C1755B9A29FA9C0300893557 /* Assets.xcassets */; };
		C1755B9E29FA9C0300893557 /* Preview Assets.xcassets in Resources */ = {isa = PBXBuildFile; fileRef = C1755B9D29FA9C0300893557 /* Preview Assets.xcassets */; };
		C1755BA529FA9C3000893557 /* SessionView.swift in Sources */ = {isa = PBXBuildFile; fileRef = C1755BA229FA9C3000893557 /* SessionView.swift */; };
		C1755BA729FA9C3000893557 /* SessionManager.swift in Sources */ = {isa = PBXBuildFile; fileRef = C1755BA429FA9C3000893557 /* SessionManager.swift */; };
		C1755BA829FA9C5D00893557 /* WatchMessage.swift in Sources */ = {isa = PBXBuildFile; fileRef = C14DD0D729F93A540044BD66 /* WatchMessage.swift */; };
		C1755BA929FA9C5D00893557 /* HPData.swift in Sources */ = {isa = PBXBuildFile; fileRef = C14DD0C929F92F8D0044BD66 /* HPData.swift */; };
/* End PBXBuildFile section */

/* Begin PBXFileReference section */
		C14DD0A529F92DD30044BD66 /* Hoopscore.app */ = {isa = PBXFileReference; explicitFileType = wrapper.application; includeInIndex = 0; path = Hoopscore.app; sourceTree = BUILT_PRODUCTS_DIR; };
		C14DD0A829F92DD30044BD66 /* HoopscoreApp.swift */ = {isa = PBXFileReference; lastKnownFileType = sourcecode.swift; path = HoopscoreApp.swift; sourceTree = "<group>"; };
		C14DD0AA29F92DD30044BD66 /* ContentView.swift */ = {isa = PBXFileReference; lastKnownFileType = sourcecode.swift; path = ContentView.swift; sourceTree = "<group>"; };
		C14DD0AC29F92DD40044BD66 /* Assets.xcassets */ = {isa = PBXFileReference; lastKnownFileType = folder.assetcatalog; path = Assets.xcassets; sourceTree = "<group>"; };
		C14DD0AF29F92DD40044BD66 /* Preview Assets.xcassets */ = {isa = PBXFileReference; lastKnownFileType = folder.assetcatalog; path = "Preview Assets.xcassets"; sourceTree = "<group>"; };
		C14DD0BA29F92E190044BD66 /* Hoopscore.app */ = {isa = PBXFileReference; explicitFileType = wrapper.application; includeInIndex = 0; name = Hoopscore.app; path = "/Users/cemolcay/Desktop/Hoopscore/build/Debug-watchos/Hoopscore.app"; sourceTree = "<absolute>"; };
		C14DD0C929F92F8D0044BD66 /* HPData.swift */ = {isa = PBXFileReference; lastKnownFileType = sourcecode.swift; path = HPData.swift; sourceTree = "<group>"; };
		C14DD0CF29F9357F0044BD66 /* ProjectManager.swift */ = {isa = PBXFileReference; fileEncoding = 4; lastKnownFileType = sourcecode.swift; path = ProjectManager.swift; sourceTree = "<group>"; };
		C14DD0D129F936CA0044BD66 /* ProjectsView.swift */ = {isa = PBXFileReference; lastKnownFileType = sourcecode.swift; path = ProjectsView.swift; sourceTree = "<group>"; };
		C14DD0D329F937960044BD66 /* SessionView.swift */ = {isa = PBXFileReference; lastKnownFileType = sourcecode.swift; path = SessionView.swift; sourceTree = "<group>"; };
		C14DD0D529F939CB0044BD66 /* WatchSessionManager.swift */ = {isa = PBXFileReference; fileEncoding = 4; lastKnownFileType = sourcecode.swift; path = WatchSessionManager.swift; sourceTree = "<group>"; };
		C14DD0D729F93A540044BD66 /* WatchMessage.swift */ = {isa = PBXFileReference; lastKnownFileType = sourcecode.swift; path = WatchMessage.swift; sourceTree = "<group>"; };
		C1755B9429FA9C0300893557 /* Hoopscore Watch App.app */ = {isa = PBXFileReference; explicitFileType = wrapper.application; includeInIndex = 0; path = "Hoopscore Watch App.app"; sourceTree = BUILT_PRODUCTS_DIR; };
		C1755B9629FA9C0300893557 /* HoopscoreApp.swift */ = {isa = PBXFileReference; lastKnownFileType = sourcecode.swift; path = HoopscoreApp.swift; sourceTree = "<group>"; };
		C1755B9829FA9C0300893557 /* ContentView.swift */ = {isa = PBXFileReference; lastKnownFileType = sourcecode.swift; path = ContentView.swift; sourceTree = "<group>"; };
		C1755B9A29FA9C0300893557 /* Assets.xcassets */ = {isa = PBXFileReference; lastKnownFileType = folder.assetcatalog; path = Assets.xcassets; sourceTree = "<group>"; };
		C1755B9D29FA9C0300893557 /* Preview Assets.xcassets */ = {isa = PBXFileReference; lastKnownFileType = folder.assetcatalog; path = "Preview Assets.xcassets"; sourceTree = "<group>"; };
		C1755BA229FA9C3000893557 /* SessionView.swift */ = {isa = PBXFileReference; fileEncoding = 4; lastKnownFileType = sourcecode.swift; path = SessionView.swift; sourceTree = "<group>"; };
		C1755BA429FA9C3000893557 /* SessionManager.swift */ = {isa = PBXFileReference; fileEncoding = 4; lastKnownFileType = sourcecode.swift; path = SessionManager.swift; sourceTree = "<group>"; };
/* End PBXFileReference section */

/* Begin PBXFrameworksBuildPhase section */
		C14DD0A229F92DD30044BD66 /* Frameworks */ = {
			isa = PBXFrameworksBuildPhase;
			buildActionMask = 2147483647;
			files = (
				C14DD0CE29F935670044BD66 /* Disk in Frameworks */,
			);
			runOnlyForDeploymentPostprocessing = 0;
		};
		C1755B9129FA9C0300893557 /* Frameworks */ = {
			isa = PBXFrameworksBuildPhase;
			buildActionMask = 2147483647;
			files = (
			);
			runOnlyForDeploymentPostprocessing = 0;
		};
/* End PBXFrameworksBuildPhase section */

/* Begin PBXGroup section */
		C13FB2A729F9552600344B79 /* Frameworks */ = {
			isa = PBXGroup;
			children = (
			);
			name = Frameworks;
			sourceTree = "<group>";
		};
		C14DD09C29F92DD30044BD66 = {
			isa = PBXGroup;
			children = (
				C14DD0A729F92DD30044BD66 /* Hoopscore */,
				C1755B9529FA9C0300893557 /* Hoopscore Watch App */,
				C14DD0A629F92DD30044BD66 /* Products */,
				C13FB2A729F9552600344B79 /* Frameworks */,
				C1CD906729FA9B2F002635CA /* Recovered References */,
			);
			sourceTree = "<group>";
		};
		C14DD0A629F92DD30044BD66 /* Products */ = {
			isa = PBXGroup;
			children = (
				C14DD0A529F92DD30044BD66 /* Hoopscore.app */,
				C1755B9429FA9C0300893557 /* Hoopscore Watch App.app */,
			);
			name = Products;
			sourceTree = "<group>";
		};
		C14DD0A729F92DD30044BD66 /* Hoopscore */ = {
			isa = PBXGroup;
			children = (
				C14DD0A829F92DD30044BD66 /* HoopscoreApp.swift */,
				C14DD0AA29F92DD30044BD66 /* ContentView.swift */,
				C14DD0D129F936CA0044BD66 /* ProjectsView.swift */,
				C14DD0D329F937960044BD66 /* SessionView.swift */,
				C14DD0C829F92F7D0044BD66 /* Data */,
				C14DD0AE29F92DD40044BD66 /* Preview Content */,
				C14DD0AC29F92DD40044BD66 /* Assets.xcassets */,
			);
			path = Hoopscore;
			sourceTree = "<group>";
		};
		C14DD0AE29F92DD40044BD66 /* Preview Content */ = {
			isa = PBXGroup;
			children = (
				C14DD0AF29F92DD40044BD66 /* Preview Assets.xcassets */,
			);
			path = "Preview Content";
			sourceTree = "<group>";
		};
		C14DD0C829F92F7D0044BD66 /* Data */ = {
			isa = PBXGroup;
			children = (
				C14DD0C929F92F8D0044BD66 /* HPData.swift */,
				C14DD0CF29F9357F0044BD66 /* ProjectManager.swift */,
				C14DD0D529F939CB0044BD66 /* WatchSessionManager.swift */,
				C14DD0D729F93A540044BD66 /* WatchMessage.swift */,
			);
			path = Data;
			sourceTree = "<group>";
		};
		C1755B9529FA9C0300893557 /* Hoopscore Watch App */ = {
			isa = PBXGroup;
			children = (
				C1755B9629FA9C0300893557 /* HoopscoreApp.swift */,
				C1755B9829FA9C0300893557 /* ContentView.swift */,
				C1755BA229FA9C3000893557 /* SessionView.swift */,
				C1755BA429FA9C3000893557 /* SessionManager.swift */,
				C1755B9A29FA9C0300893557 /* Assets.xcassets */,
				C1755B9C29FA9C0300893557 /* Preview Content */,
			);
			path = "Hoopscore Watch App";
			sourceTree = "<group>";
		};
		C1755B9C29FA9C0300893557 /* Preview Content */ = {
			isa = PBXGroup;
			children = (
				C1755B9D29FA9C0300893557 /* Preview Assets.xcassets */,
			);
			path = "Preview Content";
			sourceTree = "<group>";
		};
		C1CD906729FA9B2F002635CA /* Recovered References */ = {
			isa = PBXGroup;
			children = (
				C14DD0BA29F92E190044BD66 /* Hoopscore.app */,
			);
			name = "Recovered References";
			sourceTree = "<group>";
		};
/* End PBXGroup section */

/* Begin PBXNativeTarget section */
		C14DD0A429F92DD30044BD66 /* Hoopscore */ = {
			isa = PBXNativeTarget;
			buildConfigurationList = C14DD0B329F92DD40044BD66 /* Build configuration list for PBXNativeTarget "Hoopscore" */;
			buildPhases = (
				C14DD0A129F92DD30044BD66 /* Sources */,
				C14DD0A229F92DD30044BD66 /* Frameworks */,
				C14DD0A329F92DD30044BD66 /* Resources */,
			);
			buildRules = (
			);
			dependencies = (
			);
			name = Hoopscore;
			packageProductDependencies = (
				C14DD0CD29F935670044BD66 /* Disk */,
			);
			productName = Hoopscore;
			productReference = C14DD0A529F92DD30044BD66 /* Hoopscore.app */;
			productType = "com.apple.product-type.application";
		};
		C1755B9329FA9C0300893557 /* Hoopscore Watch App */ = {
			isa = PBXNativeTarget;
			buildConfigurationList = C1755B9F29FA9C0300893557 /* Build configuration list for PBXNativeTarget "Hoopscore Watch App" */;
			buildPhases = (
				C1755B9029FA9C0300893557 /* Sources */,
				C1755B9129FA9C0300893557 /* Frameworks */,
				C1755B9229FA9C0300893557 /* Resources */,
			);
			buildRules = (
			);
			dependencies = (
			);
			name = "Hoopscore Watch App";
			productName = "Hoopscore Watch App";
			productReference = C1755B9429FA9C0300893557 /* Hoopscore Watch App.app */;
			productType = "com.apple.product-type.application";
		};
/* End PBXNativeTarget section */

/* Begin PBXProject section */
		C14DD09D29F92DD30044BD66 /* Project object */ = {
			isa = PBXProject;
			attributes = {
				BuildIndependentTargetsInParallel = 1;
				LastSwiftUpdateCheck = 1420;
				LastUpgradeCheck = 1420;
				TargetAttributes = {
					C14DD0A429F92DD30044BD66 = {
						CreatedOnToolsVersion = 14.2;
					};
					C1755B9329FA9C0300893557 = {
						CreatedOnToolsVersion = 14.2;
					};
				};
			};
			buildConfigurationList = C14DD0A029F92DD30044BD66 /* Build configuration list for PBXProject "Hoopscore" */;
			compatibilityVersion = "Xcode 14.0";
			developmentRegion = en;
			hasScannedForEncodings = 0;
			knownRegions = (
				en,
				Base,
			);
			mainGroup = C14DD09C29F92DD30044BD66;
			packageReferences = (
				C14DD0CC29F935670044BD66 /* XCRemoteSwiftPackageReference "Disk" */,
			);
			productRefGroup = C14DD0A629F92DD30044BD66 /* Products */;
			projectDirPath = "";
			projectRoot = "";
			targets = (
				C14DD0A429F92DD30044BD66 /* Hoopscore */,
				C1755B9329FA9C0300893557 /* Hoopscore Watch App */,
			);
		};
/* End PBXProject section */

/* Begin PBXResourcesBuildPhase section */
		C14DD0A329F92DD30044BD66 /* Resources */ = {
			isa = PBXResourcesBuildPhase;
			buildActionMask = 2147483647;
			files = (
				C14DD0B029F92DD40044BD66 /* Preview Assets.xcassets in Resources */,
				C14DD0AD29F92DD40044BD66 /* Assets.xcassets in Resources */,
			);
			runOnlyForDeploymentPostprocessing = 0;
		};
		C1755B9229FA9C0300893557 /* Resources */ = {
			isa = PBXResourcesBuildPhase;
			buildActionMask = 2147483647;
			files = (
				C1755B9E29FA9C0300893557 /* Preview Assets.xcassets in Resources */,
				C1755B9B29FA9C0300893557 /* Assets.xcassets in Resources */,
			);
			runOnlyForDeploymentPostprocessing = 0;
		};
/* End PBXResourcesBuildPhase section */

/* Begin PBXSourcesBuildPhase section */
		C14DD0A129F92DD30044BD66 /* Sources */ = {
			isa = PBXSourcesBuildPhase;
			buildActionMask = 2147483647;
			files = (
				C14DD0D429F937960044BD66 /* SessionView.swift in Sources */,
				C14DD0D829F93A540044BD66 /* WatchMessage.swift in Sources */,
				C14DD0D229F936CA0044BD66 /* ProjectsView.swift in Sources */,
				C14DD0AB29F92DD30044BD66 /* ContentView.swift in Sources */,
				C14DD0D029F9357F0044BD66 /* ProjectManager.swift in Sources */,
				C14DD0A929F92DD30044BD66 /* HoopscoreApp.swift in Sources */,
				C14DD0CA29F92F8D0044BD66 /* HPData.swift in Sources */,
				C14DD0D629F939CB0044BD66 /* WatchSessionManager.swift in Sources */,
			);
			runOnlyForDeploymentPostprocessing = 0;
		};
		C1755B9029FA9C0300893557 /* Sources */ = {
			isa = PBXSourcesBuildPhase;
			buildActionMask = 2147483647;
			files = (
				C1755B9929FA9C0300893557 /* ContentView.swift in Sources */,
				C1755BA829FA9C5D00893557 /* WatchMessage.swift in Sources */,
				C1755BA529FA9C3000893557 /* SessionView.swift in Sources */,
				C1755BA729FA9C3000893557 /* SessionManager.swift in Sources */,
				C1755B9729FA9C0300893557 /* HoopscoreApp.swift in Sources */,
				C1755BA929FA9C5D00893557 /* HPData.swift in Sources */,
			);
			runOnlyForDeploymentPostprocessing = 0;
		};
/* End PBXSourcesBuildPhase section */

/* Begin XCBuildConfiguration section */
		C14DD0B129F92DD40044BD66 /* Debug */ = {
			isa = XCBuildConfiguration;
			buildSettings = {
				ALWAYS_SEARCH_USER_PATHS = NO;
				CLANG_ANALYZER_NONNULL = YES;
				CLANG_ANALYZER_NUMBER_OBJECT_CONVERSION = YES_AGGRESSIVE;
				CLANG_CXX_LANGUAGE_STANDARD = "gnu++20";
				CLANG_ENABLE_MODULES = YES;
				CLANG_ENABLE_OBJC_ARC = YES;
				CLANG_ENABLE_OBJC_WEAK = YES;
				CLANG_WARN_BLOCK_CAPTURE_AUTORELEASING = YES;
				CLANG_WARN_BOOL_CONVERSION = YES;
				CLANG_WARN_COMMA = YES;
				CLANG_WARN_CONSTANT_CONVERSION = YES;
				CLANG_WARN_DEPRECATED_OBJC_IMPLEMENTATIONS = YES;
				CLANG_WARN_DIRECT_OBJC_ISA_USAGE = YES_ERROR;
				CLANG_WARN_DOCUMENTATION_COMMENTS = YES;
				CLANG_WARN_EMPTY_BODY = YES;
				CLANG_WARN_ENUM_CONVERSION = YES;
				CLANG_WARN_INFINITE_RECURSION = YES;
				CLANG_WARN_INT_CONVERSION = YES;
				CLANG_WARN_NON_LITERAL_NULL_CONVERSION = YES;
				CLANG_WARN_OBJC_IMPLICIT_RETAIN_SELF = YES;
				CLANG_WARN_OBJC_LITERAL_CONVERSION = YES;
				CLANG_WARN_OBJC_ROOT_CLASS = YES_ERROR;
				CLANG_WARN_QUOTED_INCLUDE_IN_FRAMEWORK_HEADER = YES;
				CLANG_WARN_RANGE_LOOP_ANALYSIS = YES;
				CLANG_WARN_STRICT_PROTOTYPES = YES;
				CLANG_WARN_SUSPICIOUS_MOVE = YES;
				CLANG_WARN_UNGUARDED_AVAILABILITY = YES_AGGRESSIVE;
				CLANG_WARN_UNREACHABLE_CODE = YES;
				CLANG_WARN__DUPLICATE_METHOD_MATCH = YES;
				COPY_PHASE_STRIP = NO;
				DEBUG_INFORMATION_FORMAT = dwarf;
				ENABLE_STRICT_OBJC_MSGSEND = YES;
				ENABLE_TESTABILITY = YES;
				GCC_C_LANGUAGE_STANDARD = gnu11;
				GCC_DYNAMIC_NO_PIC = NO;
				GCC_NO_COMMON_BLOCKS = YES;
				GCC_OPTIMIZATION_LEVEL = 0;
				GCC_PREPROCESSOR_DEFINITIONS = (
					"DEBUG=1",
					"$(inherited)",
				);
				GCC_WARN_64_TO_32_BIT_CONVERSION = YES;
				GCC_WARN_ABOUT_RETURN_TYPE = YES_ERROR;
				GCC_WARN_UNDECLARED_SELECTOR = YES;
				GCC_WARN_UNINITIALIZED_AUTOS = YES_AGGRESSIVE;
				GCC_WARN_UNUSED_FUNCTION = YES;
				GCC_WARN_UNUSED_VARIABLE = YES;
				IPHONEOS_DEPLOYMENT_TARGET = 16.2;
				MTL_ENABLE_DEBUG_INFO = INCLUDE_SOURCE;
				MTL_FAST_MATH = YES;
				ONLY_ACTIVE_ARCH = YES;
				SDKROOT = iphoneos;
				SWIFT_ACTIVE_COMPILATION_CONDITIONS = DEBUG;
				SWIFT_OPTIMIZATION_LEVEL = "-Onone";
			};
			name = Debug;
		};
		C14DD0B229F92DD40044BD66 /* Release */ = {
			isa = XCBuildConfiguration;
			buildSettings = {
				ALWAYS_SEARCH_USER_PATHS = NO;
				CLANG_ANALYZER_NONNULL = YES;
				CLANG_ANALYZER_NUMBER_OBJECT_CONVERSION = YES_AGGRESSIVE;
				CLANG_CXX_LANGUAGE_STANDARD = "gnu++20";
				CLANG_ENABLE_MODULES = YES;
				CLANG_ENABLE_OBJC_ARC = YES;
				CLANG_ENABLE_OBJC_WEAK = YES;
				CLANG_WARN_BLOCK_CAPTURE_AUTORELEASING = YES;
				CLANG_WARN_BOOL_CONVERSION = YES;
				CLANG_WARN_COMMA = YES;
				CLANG_WARN_CONSTANT_CONVERSION = YES;
				CLANG_WARN_DEPRECATED_OBJC_IMPLEMENTATIONS = YES;
				CLANG_WARN_DIRECT_OBJC_ISA_USAGE = YES_ERROR;
				CLANG_WARN_DOCUMENTATION_COMMENTS = YES;
				CLANG_WARN_EMPTY_BODY = YES;
				CLANG_WARN_ENUM_CONVERSION = YES;
				CLANG_WARN_INFINITE_RECURSION = YES;
				CLANG_WARN_INT_CONVERSION = YES;
				CLANG_WARN_NON_LITERAL_NULL_CONVERSION = YES;
				CLANG_WARN_OBJC_IMPLICIT_RETAIN_SELF = YES;
				CLANG_WARN_OBJC_LITERAL_CONVERSION = YES;
				CLANG_WARN_OBJC_ROOT_CLASS = YES_ERROR;
				CLANG_WARN_QUOTED_INCLUDE_IN_FRAMEWORK_HEADER = YES;
				CLANG_WARN_RANGE_LOOP_ANALYSIS = YES;
				CLANG_WARN_STRICT_PROTOTYPES = YES;
				CLANG_WARN_SUSPICIOUS_MOVE = YES;
				CLANG_WARN_UNGUARDED_AVAILABILITY = YES_AGGRESSIVE;
				CLANG_WARN_UNREACHABLE_CODE = YES;
				CLANG_WARN__DUPLICATE_METHOD_MATCH = YES;
				COPY_PHASE_STRIP = NO;
				DEBUG_INFORMATION_FORMAT = "dwarf-with-dsym";
				ENABLE_NS_ASSERTIONS = NO;
				ENABLE_STRICT_OBJC_MSGSEND = YES;
				GCC_C_LANGUAGE_STANDARD = gnu11;
				GCC_NO_COMMON_BLOCKS = YES;
				GCC_WARN_64_TO_32_BIT_CONVERSION = YES;
				GCC_WARN_ABOUT_RETURN_TYPE = YES_ERROR;
				GCC_WARN_UNDECLARED_SELECTOR = YES;
				GCC_WARN_UNINITIALIZED_AUTOS = YES_AGGRESSIVE;
				GCC_WARN_UNUSED_FUNCTION = YES;
				GCC_WARN_UNUSED_VARIABLE = YES;
				IPHONEOS_DEPLOYMENT_TARGET = 16.2;
				MTL_ENABLE_DEBUG_INFO = NO;
				MTL_FAST_MATH = YES;
				SDKROOT = iphoneos;
				SWIFT_COMPILATION_MODE = wholemodule;
				SWIFT_OPTIMIZATION_LEVEL = "-O";
				VALIDATE_PRODUCT = YES;
			};
			name = Release;
		};
		C14DD0B429F92DD40044BD66 /* Debug */ = {
			isa = XCBuildConfiguration;
			buildSettings = {
				ASSETCATALOG_COMPILER_APPICON_NAME = AppIcon;
				ASSETCATALOG_COMPILER_GLOBAL_ACCENT_COLOR_NAME = AccentColor;
				CODE_SIGN_STYLE = Automatic;
				CURRENT_PROJECT_VERSION = 1;
				DEVELOPMENT_ASSET_PATHS = "\"Hoopscore/Preview Content\"";
				DEVELOPMENT_TEAM = 77Y3N48SNF;
				ENABLE_PREVIEWS = YES;
				GENERATE_INFOPLIST_FILE = YES;
				INFOPLIST_KEY_UIApplicationSceneManifest_Generation = YES;
				INFOPLIST_KEY_UIApplicationSupportsIndirectInputEvents = YES;
				INFOPLIST_KEY_UILaunchScreen_Generation = YES;
				INFOPLIST_KEY_UISupportedInterfaceOrientations = UIInterfaceOrientationPortrait;
				INFOPLIST_KEY_UISupportedInterfaceOrientations_iPad = "UIInterfaceOrientationLandscapeLeft UIInterfaceOrientationLandscapeRight UIInterfaceOrientationPortrait UIInterfaceOrientationPortraitUpsideDown";
				IPHONEOS_DEPLOYMENT_TARGET = 14.0;
				LD_RUNPATH_SEARCH_PATHS = (
					"$(inherited)",
					"@executable_path/Frameworks",
				);
				MARKETING_VERSION = 1.0;
				PRODUCT_BUNDLE_IDENTIFIER = com.cemolcay.Hoopscore;
				PRODUCT_NAME = "$(TARGET_NAME)";
				SUPPORTED_PLATFORMS = "iphoneos iphonesimulator";
				SUPPORTS_MACCATALYST = NO;
				SUPPORTS_MAC_DESIGNED_FOR_IPHONE_IPAD = NO;
				SWIFT_EMIT_LOC_STRINGS = YES;
				SWIFT_VERSION = 5.0;
				TARGETED_DEVICE_FAMILY = 1;
			};
			name = Debug;
		};
		C14DD0B529F92DD40044BD66 /* Release */ = {
			isa = XCBuildConfiguration;
			buildSettings = {
				ASSETCATALOG_COMPILER_APPICON_NAME = AppIcon;
				ASSETCATALOG_COMPILER_GLOBAL_ACCENT_COLOR_NAME = AccentColor;
				CODE_SIGN_STYLE = Automatic;
				CURRENT_PROJECT_VERSION = 1;
				DEVELOPMENT_ASSET_PATHS = "\"Hoopscore/Preview Content\"";
				DEVELOPMENT_TEAM = 77Y3N48SNF;
				ENABLE_PREVIEWS = YES;
				GENERATE_INFOPLIST_FILE = YES;
				INFOPLIST_KEY_UIApplicationSceneManifest_Generation = YES;
				INFOPLIST_KEY_UIApplicationSupportsIndirectInputEvents = YES;
				INFOPLIST_KEY_UILaunchScreen_Generation = YES;
				INFOPLIST_KEY_UISupportedInterfaceOrientations = UIInterfaceOrientationPortrait;
				INFOPLIST_KEY_UISupportedInterfaceOrientations_iPad = "UIInterfaceOrientationLandscapeLeft UIInterfaceOrientationLandscapeRight UIInterfaceOrientationPortrait UIInterfaceOrientationPortraitUpsideDown";
				IPHONEOS_DEPLOYMENT_TARGET = 14.0;
				LD_RUNPATH_SEARCH_PATHS = (
					"$(inherited)",
					"@executable_path/Frameworks",
				);
				MARKETING_VERSION = 1.0;
				PRODUCT_BUNDLE_IDENTIFIER = com.cemolcay.Hoopscore;
				PRODUCT_NAME = "$(TARGET_NAME)";
				SUPPORTED_PLATFORMS = "iphoneos iphonesimulator";
				SUPPORTS_MACCATALYST = NO;
				SUPPORTS_MAC_DESIGNED_FOR_IPHONE_IPAD = NO;
				SWIFT_EMIT_LOC_STRINGS = YES;
				SWIFT_VERSION = 5.0;
				TARGETED_DEVICE_FAMILY = 1;
			};
			name = Release;
		};
		C1755BA029FA9C0300893557 /* Debug */ = {
			isa = XCBuildConfiguration;
			buildSettings = {
				ASSETCATALOG_COMPILER_APPICON_NAME = AppIcon;
				ASSETCATALOG_COMPILER_GLOBAL_ACCENT_COLOR_NAME = AccentColor;
				CODE_SIGN_STYLE = Automatic;
				CURRENT_PROJECT_VERSION = 1;
				DEVELOPMENT_ASSET_PATHS = "\"Hoopscore Watch App/Preview Content\"";
				DEVELOPMENT_TEAM = 77Y3N48SNF;
				ENABLE_PREVIEWS = YES;
				GENERATE_INFOPLIST_FILE = YES;
				INFOPLIST_KEY_CFBundleDisplayName = Hoopscore;
				INFOPLIST_KEY_UISupportedInterfaceOrientations = "UIInterfaceOrientationPortrait UIInterfaceOrientationPortraitUpsideDown";
				INFOPLIST_KEY_WKCompanionAppBundleIdentifier = "";
				LD_RUNPATH_SEARCH_PATHS = (
					"$(inherited)",
					"@executable_path/Frameworks",
				);
				MARKETING_VERSION = 1.0;
				PRODUCT_BUNDLE_IDENTIFIER = .watchkitapp;
				PRODUCT_NAME = "$(TARGET_NAME)";
				SDKROOT = watchos;
				SKIP_INSTALL = YES;
				SWIFT_EMIT_LOC_STRINGS = YES;
				SWIFT_VERSION = 5.0;
				TARGETED_DEVICE_FAMILY = 4;
				WATCHOS_DEPLOYMENT_TARGET = 8.0;
			};
			name = Debug;
		};
		C1755BA129FA9C0300893557 /* Release */ = {
			isa = XCBuildConfiguration;
			buildSettings = {
				ASSETCATALOG_COMPILER_APPICON_NAME = AppIcon;
				ASSETCATALOG_COMPILER_GLOBAL_ACCENT_COLOR_NAME = AccentColor;
				CODE_SIGN_STYLE = Automatic;
				CURRENT_PROJECT_VERSION = 1;
				DEVELOPMENT_ASSET_PATHS = "\"Hoopscore Watch App/Preview Content\"";
				DEVELOPMENT_TEAM = 77Y3N48SNF;
				ENABLE_PREVIEWS = YES;
				GENERATE_INFOPLIST_FILE = YES;
				INFOPLIST_KEY_CFBundleDisplayName = Hoopscore;
				INFOPLIST_KEY_UISupportedInterfaceOrientations = "UIInterfaceOrientationPortrait UIInterfaceOrientationPortraitUpsideDown";
				INFOPLIST_KEY_WKCompanionAppBundleIdentifier = "";
				LD_RUNPATH_SEARCH_PATHS = (
					"$(inherited)",
					"@executable_path/Frameworks",
				);
				MARKETING_VERSION = 1.0;
				PRODUCT_BUNDLE_IDENTIFIER = .watchkitapp;
				PRODUCT_NAME = "$(TARGET_NAME)";
				SDKROOT = watchos;
				SKIP_INSTALL = YES;
				SWIFT_EMIT_LOC_STRINGS = YES;
				SWIFT_VERSION = 5.0;
				TARGETED_DEVICE_FAMILY = 4;
				WATCHOS_DEPLOYMENT_TARGET = 8.0;
			};
			name = Release;
		};
/* End XCBuildConfiguration section */

/* Begin XCConfigurationList section */
		C14DD0A029F92DD30044BD66 /* Build configuration list for PBXProject "Hoopscore" */ = {
			isa = XCConfigurationList;
			buildConfigurations = (
				C14DD0B129F92DD40044BD66 /* Debug */,
				C14DD0B229F92DD40044BD66 /* Release */,
			);
			defaultConfigurationIsVisible = 0;
			defaultConfigurationName = Release;
		};
		C14DD0B329F92DD40044BD66 /* Build configuration list for PBXNativeTarget "Hoopscore" */ = {
			isa = XCConfigurationList;
			buildConfigurations = (
				C14DD0B429F92DD40044BD66 /* Debug */,
				C14DD0B529F92DD40044BD66 /* Release */,
			);
			defaultConfigurationIsVisible = 0;
			defaultConfigurationName = Release;
		};
		C1755B9F29FA9C0300893557 /* Build configuration list for PBXNativeTarget "Hoopscore Watch App" */ = {
			isa = XCConfigurationList;
			buildConfigurations = (
				C1755BA029FA9C0300893557 /* Debug */,
				C1755BA129FA9C0300893557 /* Release */,
			);
			defaultConfigurationIsVisible = 0;
			defaultConfigurationName = Release;
		};
/* End XCConfigurationList section */

/* Begin XCRemoteSwiftPackageReference section */
		C14DD0CC29F935670044BD66 /* XCRemoteSwiftPackageReference "Disk" */ = {
			isa = XCRemoteSwiftPackageReference;
			repositoryURL = "https://github.com/saoudrizwan/Disk";
			requirement = {
				branch = master;
				kind = branch;
			};
		};
/* End XCRemoteSwiftPackageReference section */

/* Begin XCSwiftPackageProductDependency section */
		C14DD0CD29F935670044BD66 /* Disk */ = {
			isa = XCSwiftPackageProductDependency;
			package = C14DD0CC29F935670044BD66 /* XCRemoteSwiftPackageReference "Disk" */;
			productName = Disk;
		};
/* End XCSwiftPackageProductDependency section */
	};
	rootObject = C14DD09D29F92DD30044BD66 /* Project object */;
}
